{
  "version": 4,
  "terraform_version": "1.2.0",
  "serial": 4,
  "lineage": "0c909e6c-b886-3843-aae4-79b12264b7d1",
  "outputs": {},
  "resources": [
    {
      "mode": "managed",
      "type": "aws_db_subnet_group",
      "name": "private",
      "provider": "provider[\"registry.terraform.io/hashicorp/aws\"]",
      "instances": [
        {
          "schema_version": 0,
          "attributes": {
            "arn": "arn:aws:rds:ap-northeast-1:685670624701:subgrp:terraform-20220605064054578200000001",
            "description": "Managed by Terraform",
            "id": "terraform-20220605064054578200000001",
            "name": "terraform-20220605064054578200000001",
            "name_prefix": null,
            "subnet_ids": [
              "subnet-07a4c099ab68ab1f4",
              "subnet-0c4a04708cf3c8107"
            ],
            "tags": {},
            "tags_all": {}
          },
          "sensitive_attributes": [],
          "private": "bnVsbA=="
        }
      ]
    },
    {
      "mode": "managed",
      "type": "aws_rds_cluster",
      "name": "cas",
      "provider": "provider[\"registry.terraform.io/hashicorp/aws\"]",
      "instances": [
        {
          "schema_version": 0,
          "attributes": {
            "allocated_storage": 1,
            "allow_major_version_upgrade": null,
            "apply_immediately": null,
            "arn": "arn:aws:rds:ap-northeast-1:685670624701:cluster:cas-rds-cluster",
            "availability_zones": [
              "ap-northeast-1a",
              "ap-northeast-1c",
              "ap-northeast-1d"
            ],
            "backtrack_window": 0,
            "backup_retention_period": 35,
            "cluster_identifier": "cas-rds-cluster",
            "cluster_identifier_prefix": null,
            "cluster_members": [
              "cas-rds-cluster-0"
            ],
            "cluster_resource_id": "cluster-YRQY4KFVXG6ME4UTX4MQPJBIPE",
            "copy_tags_to_snapshot": true,
            "database_name": "cas_dev",
            "db_cluster_instance_class": "",
            "db_cluster_parameter_group_name": "cas-cluster-pg",
            "db_instance_parameter_group_name": null,
            "db_subnet_group_name": "terraform-20220605064054578200000001",
            "deletion_protection": false,
            "enable_global_write_forwarding": false,
            "enable_http_endpoint": false,
            "enabled_cloudwatch_logs_exports": [
              "audit",
              "error",
              "general",
              "slowquery"
            ],
            "endpoint": "cas-rds-cluster.cluster-ccaklnsoxsr8.ap-northeast-1.rds.amazonaws.com",
            "engine": "aurora-mysql",
            "engine_mode": "provisioned",
            "engine_version": "8.0.mysql_aurora.3.02.0",
            "engine_version_actual": "8.0.mysql_aurora.3.02.0",
            "final_snapshot_identifier": null,
            "global_cluster_identifier": "",
            "hosted_zone_id": "Z24O6O9L7SGTNB",
            "iam_database_authentication_enabled": true,
            "iam_roles": [],
            "id": "cas-rds-cluster",
            "iops": 0,
            "kms_key_id": "",
            "master_password": "ukr2hrqp5lhrlz9y",
            "master_username": "cas_db_dev",
            "port": 3306,
            "preferred_backup_window": "18:29-18:59",
            "preferred_maintenance_window": "sat:15:16-sat:15:46",
            "reader_endpoint": "cas-rds-cluster.cluster-ro-ccaklnsoxsr8.ap-northeast-1.rds.amazonaws.com",
            "replication_source_identifier": "",
            "restore_to_point_in_time": [],
            "s3_import": [],
            "scaling_configuration": [],
            "serverlessv2_scaling_configuration": [],
            "skip_final_snapshot": true,
            "snapshot_identifier": null,
            "source_region": null,
            "storage_encrypted": false,
            "storage_type": "",
            "tags": {},
            "tags_all": {},
            "timeouts": null,
            "vpc_security_group_ids": [
              "sg-08ba6a3af17e227bd"
            ]
          },
          "sensitive_attributes": [],
          "private": "eyJlMmJmYjczMC1lY2FhLTExZTYtOGY4OC0zNDM2M2JjN2M0YzAiOnsiY3JlYXRlIjo3MjAwMDAwMDAwMDAwLCJkZWxldGUiOjcyMDAwMDAwMDAwMDAsInVwZGF0ZSI6NzIwMDAwMDAwMDAwMH19",
          "dependencies": [
            "aws_db_subnet_group.private",
            "aws_rds_cluster_parameter_group.cas"
          ]
        }
      ]
    },
    {
      "mode": "managed",
      "type": "aws_rds_cluster_parameter_group",
      "name": "cas",
      "provider": "provider[\"registry.terraform.io/hashicorp/aws\"]",
      "instances": [
        {
          "schema_version": 0,
          "attributes": {
            "arn": "arn:aws:rds:ap-northeast-1:685670624701:cluster-pg:cas-cluster-pg",
            "description": "Managed by Terraform",
            "family": "aurora-mysql8.0",
            "id": "cas-cluster-pg",
            "name": "cas-cluster-pg",
            "name_prefix": "",
            "parameter": [
              {
                "apply_method": "immediate",
                "name": "character_set_server",
                "value": "utf8mb4"
              },
              {
                "apply_method": "immediate",
                "name": "collation_server",
                "value": "utf8mb4_general_ci"
              }
            ],
            "tags": {},
            "tags_all": {}
          },
          "sensitive_attributes": [],
          "private": "bnVsbA=="
        }
      ]
    }
  ]
}
